
Microsoft Visual Studio Solution File, Format Version 12.00
# Visual Studio Version 17
VisualStudioVersion = 17.10.35122.118
MinimumVisualStudioVersion = 10.0.40219.1
Project("{FAE04EC0-301F-11D3-BF4B-00C04F79EFBC}") = "TASKS", "TASKS\TASKS.csproj", "{0DD64D24-D512-4607-B612-75277C399EFF}"
EndProject
Global
	GlobalSection(SolutionConfigurationPlatforms) = preSolution
		Debug|Any CPU = Debug|Any CPU
		Release|Any CPU = Release|Any CPU
	EndGlobalSection
	GlobalSection(ProjectConfigurationPlatforms) = postSolution
		{0DD64D24-D512-4607-B612-75277C399EFF}.Debug|Any CPU.ActiveCfg = Debug|Any CPU
		{0DD64D24-D512-4607-B612-75277C399EFF}.Debug|Any CPU.Build.0 = Debug|Any CPU
		{0DD64D24-D512-4607-B612-75277C399EFF}.Release|Any CPU.ActiveCfg = Release|Any CPU
		{0DD64D24-D512-4607-B612-75277C399EFF}.Release|Any CPU.Build.0 = Release|Any CPU
	EndGlobalSection
	GlobalSection(SolutionProperties) = preSolution
		HideSolutionNode = FALSE
	EndGlobalSection
	GlobalSection(ExtensibilityGlobals) = postSolution
		SolutionGuid = {E3A95F1D-6676-4705-A6C8-9CF752353CE5}
	EndGlobalSection
EndGlobal
